
Microsoft Visual Studio Solution File, Format Version 12.00
# Visual Studio Version 16
VisualStudioVersion = 16.0.30309.148
MinimumVisualStudioVersion = 10.0.40219.1
Project("{FAE04EC0-301F-11D3-BF4B-00C04F79EFBC}") = "BucketOOP", "BucketOOP\BucketOOP.csproj", "{896FC72E-EE7C-4744-8D7F-107ED384DEE4}"
EndProject
Project("{FAE04EC0-301F-11D3-BF4B-00C04F79EFBC}") = "BucketTestLibrary", "BucketTestLibrary\BucketTestLibrary.csproj", "{2BC40586-B979-4C23-BC88-EA706986884C}"
EndProject
Global
	GlobalSection(SolutionConfigurationPlatforms) = preSolution
		Debug|Any CPU = Debug|Any CPU
		Release|Any CPU = Release|Any CPU
	EndGlobalSection
	GlobalSection(ProjectConfigurationPlatforms) = postSolution
		{896FC72E-EE7C-4744-8D7F-107ED384DEE4}.Debug|Any CPU.ActiveCfg = Debug|Any CPU
		{896FC72E-EE7C-4744-8D7F-107ED384DEE4}.Debug|Any CPU.Build.0 = Debug|Any CPU
		{896FC72E-EE7C-4744-8D7F-107ED384DEE4}.Release|Any CPU.ActiveCfg = Release|Any CPU
		{896FC72E-EE7C-4744-8D7F-107ED384DEE4}.Release|Any CPU.Build.0 = Release|Any CPU
		{2BC40586-B979-4C23-BC88-EA706986884C}.Debug|Any CPU.ActiveCfg = Debug|Any CPU
		{2BC40586-B979-4C23-BC88-EA706986884C}.Debug|Any CPU.Build.0 = Debug|Any CPU
		{2BC40586-B979-4C23-BC88-EA706986884C}.Release|Any CPU.ActiveCfg = Release|Any CPU
		{2BC40586-B979-4C23-BC88-EA706986884C}.Release|Any CPU.Build.0 = Release|Any CPU
	EndGlobalSection
	GlobalSection(SolutionProperties) = preSolution
		HideSolutionNode = FALSE
	EndGlobalSection
	GlobalSection(ExtensibilityGlobals) = postSolution
		SolutionGuid = {90C21655-2C96-4C17-8556-A3FE8B262EA0}
	EndGlobalSection
EndGlobal
